# @generated by Move, please check-in and do not edit manually.

[move]
version = 3
manifest_digest = "2C346E1C0C368285759A1767C7D4E776D0F6D740517E3B1ED0B83B483E2C6F1D"
deps_digest = "F8BBB0CCB2491CA29A3DF03D6F92277A4F3574266507ACD77214D37ECA3F3082"
dependencies = [
  { id = "Sui", name = "Sui" },
]

[[move.package]]
id = "MoveStdlib"
source = { git = "https://github.com/MystenLabs/sui.git", rev = "testnet-v1.53.2", subdir = "crates/sui-framework/packages/move-stdlib" }

[[move.package]]
id = "Sui"
source = { git = "https://github.com/MystenLabs/sui.git", rev = "testnet-v1.53.2", subdir = "crates/sui-framework/packages/sui-framework" }

dependencies = [
  { id = "MoveStdlib", name = "MoveStdlib" },
]

[move.toolchain-version]
compiler-version = "1.53.2"
edition = "2024.beta"
flavor = "sui"

[env]

[env.mainnet]
chain-id = "35834a8a"
original-published-id = "0x0603346ba4d4ff4b26a7892bee31935fdfa2e4fd23ea091cd03fcc2c8566a949"
latest-published-id = "0x0603346ba4d4ff4b26a7892bee31935fdfa2e4fd23ea091cd03fcc2c8566a949"
published-version = "1"

[env.testnet]
chain-id = "4c78adac"
original-published-id = "0xe32dbbf18ae7fa2506f420531a559608ceabd03382780b5f3f0c2f9a06c33778"
latest-published-id = "0xe32dbbf18ae7fa2506f420531a559608ceabd03382780b5f3f0c2f9a06c33778"
published-version = "1"
